
Microsoft Visual Studio Solution File, Format Version 12.00
# Visual Studio Version 17
VisualStudioVersion = 17.4.33110.190
MinimumVisualStudioVersion = 10.0.40219.1
Project("{9A19103F-16F7-4668-BE54-9A1E7A4F7556}") = "MuzafferCanEzmezHackathon", "hackathon\MuzafferCanEzmezHackathon.csproj", "{35FDDE7B-4045-4F99-8690-B6FB0EA499FA}"
EndProject
Global
	GlobalSection(SolutionConfigurationPlatforms) = preSolution
		Debug|Any CPU = Debug|Any CPU
		Release|Any CPU = Release|Any CPU
	EndGlobalSection
	GlobalSection(ProjectConfigurationPlatforms) = postSolution
		{35FDDE7B-4045-4F99-8690-B6FB0EA499FA}.Debug|Any CPU.ActiveCfg = Debug|Any CPU
		{35FDDE7B-4045-4F99-8690-B6FB0EA499FA}.Debug|Any CPU.Build.0 = Debug|Any CPU
		{35FDDE7B-4045-4F99-8690-B6FB0EA499FA}.Release|Any CPU.ActiveCfg = Release|Any CPU
		{35FDDE7B-4045-4F99-8690-B6FB0EA499FA}.Release|Any CPU.Build.0 = Release|Any CPU
	EndGlobalSection
	GlobalSection(SolutionProperties) = preSolution
		HideSolutionNode = FALSE
	EndGlobalSection
	GlobalSection(ExtensibilityGlobals) = postSolution
		SolutionGuid = {434A44BB-A4DB-4C0E-A150-C85D6343A0C2}
	EndGlobalSection
EndGlobal
